{
  "requires": true,
  "lockfileVersion": 1,
  "dependencies": {
    "@react-spring/animated": {
      "version": "9.7.2",
      "resolved": "https://registry.npmjs.org/@react-spring/animated/-/animated-9.7.2.tgz",
      "integrity": "sha512-ipvleJ99ipqlnHkz5qhSsgf/ny5aW0ZG8Q+/2Oj9cI7LCc7COdnrSO6V/v8MAX3JOoQNzfz6dye2s5Pt5jGaIA==",
      "requires": {
        "@react-spring/shared": "~9.7.2",
        "@react-spring/types": "~9.7.2"
      }
    },
    "@react-spring/core": {
      "version": "9.7.2",
      "resolved": "https://registry.npmjs.org/@react-spring/core/-/core-9.7.2.tgz",
      "integrity": "sha512-fF512edZT/gKVCA90ZRxfw1DmELeVwiL4OC2J6bMUlNr707C0h4QRoec6DjzG27uLX2MvS1CEatf9KRjwZR9/w==",
      "requires": {
        "@react-spring/animated": "~9.7.2",
        "@react-spring/rafz": "~9.7.2",
        "@react-spring/shared": "~9.7.2",
        "@react-spring/types": "~9.7.2"
      }
    },
    "@react-spring/konva": {
      "version": "9.7.2",
      "resolved": "https://registry.npmjs.org/@react-spring/konva/-/konva-9.7.2.tgz",
      "integrity": "sha512-xMA0XkIyv02euso8BGlLA4iXVJ76p6WCjABMTjdvcp//KvIub596vLwoLzmqHYjqRhH7BP4UQKxzhHvM7AylQA==",
      "requires": {
        "@react-spring/animated": "~9.7.2",
        "@react-spring/core": "~9.7.2",
        "@react-spring/shared": "~9.7.2",
        "@react-spring/types": "~9.7.2"
      }
    },
    "@react-spring/native": {
      "version": "9.7.2",
      "resolved": "https://registry.npmjs.org/@react-spring/native/-/native-9.7.2.tgz",
      "integrity": "sha512-Ltq/F+4jY7aqHW1/f1xUb+e3XGbVxnllXfDYU+3nXi4sa7O+du755hpNbCHJ5ZgtkQYFKtQ7I+InTY+CDXPYfw==",
      "requires": {
        "@react-spring/animated": "~9.7.2",
        "@react-spring/core": "~9.7.2",
        "@react-spring/shared": "~9.7.2",
        "@react-spring/types": "~9.7.2"
      }
    },
    "@react-spring/rafz": {
      "version": "9.7.2",
      "resolved": "https://registry.npmjs.org/@react-spring/rafz/-/rafz-9.7.2.tgz",
      "integrity": "sha512-kDWMYDQto3+flkrX3vy6DU/l9pxQ4TVW91DglQEc11iDc7shF4+WVDRJvOVLX+xoMP7zyag1dMvlIgvQ+dvA/A=="
    },
    "@react-spring/shared": {
      "version": "9.7.2",
      "resolved": "https://registry.npmjs.org/@react-spring/shared/-/shared-9.7.2.tgz",
      "integrity": "sha512-6U9qkno+9DxlH5nSltnPs+kU6tYKf0bPLURX2te13aGel8YqgcpFYp5Av8DcN2x3sukinAsmzHUS/FRsdZMMBA==",
      "requires": {
        "@react-spring/rafz": "~9.7.2",
        "@react-spring/types": "~9.7.2"
      }
    },
    "@react-spring/three": {
      "version": "9.7.2",
      "resolved": "https://registry.npmjs.org/@react-spring/three/-/three-9.7.2.tgz",
      "integrity": "sha512-u7VAjc+az82PM+WOC2sTbZQLBixuN+0jX/oahzyjEnIds5eUJgaBqZRYAAEMupuzGGl8H3QqL3bFgBEQLq6ADQ==",
      "requires": {
        "@react-spring/animated": "~9.7.2",
        "@react-spring/core": "~9.7.2",
        "@react-spring/shared": "~9.7.2",
        "@react-spring/types": "~9.7.2"
      }
    },
    "@react-spring/types": {
      "version": "9.7.2",
      "resolved": "https://registry.npmjs.org/@react-spring/types/-/types-9.7.2.tgz",
      "integrity": "sha512-GEflx2Ex/TKVMHq5g5MxQDNNPNhqg+4Db9m7+vGTm8ttZiyga7YQUF24shgRNebKIjahqCuei16SZga8h1pe4g=="
    },
    "@react-spring/web": {
      "version": "9.7.2",
      "resolved": "https://registry.npmjs.org/@react-spring/web/-/web-9.7.2.tgz",
      "integrity": "sha512-7qNc7/5KShu2D05x7o2Ols2nUE7mCKfKLaY2Ix70xPMfTle1sZisoQMBFgV9w/fSLZlHZHV9P0uWJqEXQnbV4Q==",
      "requires": {
        "@react-spring/animated": "~9.7.2",
        "@react-spring/core": "~9.7.2",
        "@react-spring/shared": "~9.7.2",
        "@react-spring/types": "~9.7.2"
      }
    },
    "@react-spring/zdog": {
      "version": "9.7.2",
      "resolved": "https://registry.npmjs.org/@react-spring/zdog/-/zdog-9.7.2.tgz",
      "integrity": "sha512-6z2qqhmbpoZrw1oThyn4zfejtLkuadsaZFVMFf/5l5cHTEdRC8HZsBRLo+Wiomkprg/F1hyhcXI5X1lJ+T/zdQ==",
      "requires": {
        "@react-spring/animated": "~9.7.2",
        "@react-spring/core": "~9.7.2",
        "@react-spring/shared": "~9.7.2",
        "@react-spring/types": "~9.7.2"
      }
    },
    "react-spring": {
      "version": "9.7.1",
      "resolved": "https://registry.npmjs.org/react-spring/-/react-spring-9.7.1.tgz",
      "integrity": "sha512-o2+r2DNQDVEuefiz33ZF76DPd/gLq3kbdObJmllGF2IUfv2W6x+ZP0gR97QYCSR4QLbmOl1mPKUBbI+FJdys2Q==",
      "requires": {
        "@react-spring/core": "~9.7.1",
        "@react-spring/konva": "~9.7.1",
        "@react-spring/native": "~9.7.1",
        "@react-spring/three": "~9.7.1",
        "@react-spring/web": "~9.7.1",
        "@react-spring/zdog": "~9.7.1"
      }
    }
  }
}
